
Microsoft Visual Studio Solution File, Format Version 12.00
# Visual Studio 14
VisualStudioVersion = 14.0.25420.1
MinimumVisualStudioVersion = 10.0.40219.1
Project("{FAE04EC0-301F-11D3-BF4B-00C04F79EFBC}") = "refactor-me", "refactor-me\refactor-me.csproj", "{20AB69F9-F2D3-4A68-96C3-424EC8B9406E}"
EndProject
Project("{FAE04EC0-301F-11D3-BF4B-00C04F79EFBC}") = "IntegrationTests", "IntegrationTests\IntegrationTests.csproj", "{078F4E3A-4F02-432A-97EA-D709BE2F5F5D}"
EndProject
Project("{FAE04EC0-301F-11D3-BF4B-00C04F79EFBC}") = "Domain", "Domain\Domain.csproj", "{5380968B-65DE-4448-BF45-621BD5825D47}"
EndProject
Project("{FAE04EC0-301F-11D3-BF4B-00C04F79EFBC}") = "UnitTests", "UnitTests\UnitTests.csproj", "{8B975D14-E051-429C-BC4A-07C17B382386}"
EndProject
Global
	GlobalSection(SolutionConfigurationPlatforms) = preSolution
		Debug|Any CPU = Debug|Any CPU
		Release|Any CPU = Release|Any CPU
	EndGlobalSection
	GlobalSection(ProjectConfigurationPlatforms) = postSolution
		{20AB69F9-F2D3-4A68-96C3-424EC8B9406E}.Debug|Any CPU.ActiveCfg = Debug|Any CPU
		{20AB69F9-F2D3-4A68-96C3-424EC8B9406E}.Debug|Any CPU.Build.0 = Debug|Any CPU
		{20AB69F9-F2D3-4A68-96C3-424EC8B9406E}.Release|Any CPU.ActiveCfg = Release|Any CPU
		{20AB69F9-F2D3-4A68-96C3-424EC8B9406E}.Release|Any CPU.Build.0 = Release|Any CPU
		{078F4E3A-4F02-432A-97EA-D709BE2F5F5D}.Debug|Any CPU.ActiveCfg = Debug|Any CPU
		{078F4E3A-4F02-432A-97EA-D709BE2F5F5D}.Debug|Any CPU.Build.0 = Debug|Any CPU
		{078F4E3A-4F02-432A-97EA-D709BE2F5F5D}.Release|Any CPU.ActiveCfg = Release|Any CPU
		{078F4E3A-4F02-432A-97EA-D709BE2F5F5D}.Release|Any CPU.Build.0 = Release|Any CPU
		{5380968B-65DE-4448-BF45-621BD5825D47}.Debug|Any CPU.ActiveCfg = Debug|Any CPU
		{5380968B-65DE-4448-BF45-621BD5825D47}.Debug|Any CPU.Build.0 = Debug|Any CPU
		{5380968B-65DE-4448-BF45-621BD5825D47}.Release|Any CPU.ActiveCfg = Release|Any CPU
		{5380968B-65DE-4448-BF45-621BD5825D47}.Release|Any CPU.Build.0 = Release|Any CPU
		{8B975D14-E051-429C-BC4A-07C17B382386}.Debug|Any CPU.ActiveCfg = Debug|Any CPU
		{8B975D14-E051-429C-BC4A-07C17B382386}.Debug|Any CPU.Build.0 = Debug|Any CPU
		{8B975D14-E051-429C-BC4A-07C17B382386}.Release|Any CPU.ActiveCfg = Release|Any CPU
		{8B975D14-E051-429C-BC4A-07C17B382386}.Release|Any CPU.Build.0 = Release|Any CPU
	EndGlobalSection
	GlobalSection(SolutionProperties) = preSolution
		HideSolutionNode = FALSE
	EndGlobalSection
EndGlobal
